Microsoft Visual Studio Solution File, Format Version 10.00
# Visual Studio 2008
Project("{8BC9CEB8-8B4A-11D0-8D11-00A0C91BC942}") = "client", "client-VS2008.vcproj", "{32E65FAB-F612-4C4C-92AD-86AE78428471}"
EndProject
Project("{8BC9CEB8-8B4A-11D0-8D11-00A0C91BC942}") = "control", "control-VS2008.vcproj", "{0EE12F36-5D32-4D3B-93BE-6E8F551BFEA8}"
EndProject
Project("{8BC9CEB8-8B4A-11D0-8D11-00A0C91BC942}") = "statistics", "statistics-VS2008.vcproj", "{C8CA7901-A36F-4A61-8DCD-DBEB7AC362DC}"
EndProject
Global
	GlobalSection(SolutionConfigurationPlatforms) = preSolution
		Debug Accelerator|Win32 = Debug Accelerator|Win32
		Debug Accelerator|x64 = Debug Accelerator|x64
		Debug|Win32 = Debug|Win32
		Debug|x64 = Debug|x64
		Release Accelerator|Win32 = Release Accelerator|Win32
		Release Accelerator|x64 = Release Accelerator|x64
		Release|Win32 = Release|Win32
		Release|x64 = Release|x64
		ReleaseSolidODBC|Win32 = ReleaseSolidODBC|Win32
		ReleaseSolidODBC|x64 = ReleaseSolidODBC|x64
		ReleaseSolidSMA|Win32 = ReleaseSolidSMA|Win32
		ReleaseSolidSMA|x64 = ReleaseSolidSMA|x64
	EndGlobalSection
	GlobalSection(ProjectConfigurationPlatforms) = postSolution
		{32E65FAB-F612-4C4C-92AD-86AE78428471}.Debug Accelerator|Win32.ActiveCfg = Debug Accelerator|Win32
		{32E65FAB-F612-4C4C-92AD-86AE78428471}.Debug Accelerator|Win32.Build.0 = Debug Accelerator|Win32
		{32E65FAB-F612-4C4C-92AD-86AE78428471}.Debug Accelerator|x64.ActiveCfg = Debug Accelerator|x64
		{32E65FAB-F612-4C4C-92AD-86AE78428471}.Debug Accelerator|x64.Build.0 = Debug Accelerator|x64
		{32E65FAB-F612-4C4C-92AD-86AE78428471}.Debug|Win32.ActiveCfg = Debug|Win32
		{32E65FAB-F612-4C4C-92AD-86AE78428471}.Debug|Win32.Build.0 = Debug|Win32
		{32E65FAB-F612-4C4C-92AD-86AE78428471}.Debug|x64.ActiveCfg = Debug|x64
		{32E65FAB-F612-4C4C-92AD-86AE78428471}.Debug|x64.Build.0 = Debug|x64
		{32E65FAB-F612-4C4C-92AD-86AE78428471}.Release Accelerator|Win32.ActiveCfg = Release Accelerator|Win32
		{32E65FAB-F612-4C4C-92AD-86AE78428471}.Release Accelerator|Win32.Build.0 = Release Accelerator|Win32
		{32E65FAB-F612-4C4C-92AD-86AE78428471}.Release Accelerator|x64.ActiveCfg = Release Accelerator|x64
		{32E65FAB-F612-4C4C-92AD-86AE78428471}.Release Accelerator|x64.Build.0 = Release Accelerator|x64
		{32E65FAB-F612-4C4C-92AD-86AE78428471}.Release|Win32.ActiveCfg = Release|Win32
		{32E65FAB-F612-4C4C-92AD-86AE78428471}.Release|Win32.Build.0 = Release|Win32
		{32E65FAB-F612-4C4C-92AD-86AE78428471}.Release|x64.ActiveCfg = Release|x64
		{32E65FAB-F612-4C4C-92AD-86AE78428471}.Release|x64.Build.0 = Release|x64
		{32E65FAB-F612-4C4C-92AD-86AE78428471}.ReleaseSolidODBC|Win32.ActiveCfg = ReleaseSolidODBC|Win32
		{32E65FAB-F612-4C4C-92AD-86AE78428471}.ReleaseSolidODBC|Win32.Build.0 = ReleaseSolidODBC|Win32
		{32E65FAB-F612-4C4C-92AD-86AE78428471}.ReleaseSolidODBC|x64.ActiveCfg = ReleaseSolidODBC|x64
		{32E65FAB-F612-4C4C-92AD-86AE78428471}.ReleaseSolidODBC|x64.Build.0 = ReleaseSolidODBC|x64
		{32E65FAB-F612-4C4C-92AD-86AE78428471}.ReleaseSolidSMA|Win32.ActiveCfg = ReleaseSolidSMA|Win32
		{32E65FAB-F612-4C4C-92AD-86AE78428471}.ReleaseSolidSMA|Win32.Build.0 = ReleaseSolidSMA|Win32
		{32E65FAB-F612-4C4C-92AD-86AE78428471}.ReleaseSolidSMA|x64.ActiveCfg = ReleaseSolidSMA|x64
		{32E65FAB-F612-4C4C-92AD-86AE78428471}.ReleaseSolidSMA|x64.Build.0 = ReleaseSolidSMA|x64
		{0EE12F36-5D32-4D3B-93BE-6E8F551BFEA8}.Debug Accelerator|Win32.ActiveCfg = Debug Accelerator|Win32
		{0EE12F36-5D32-4D3B-93BE-6E8F551BFEA8}.Debug Accelerator|Win32.Build.0 = Debug Accelerator|Win32
		{0EE12F36-5D32-4D3B-93BE-6E8F551BFEA8}.Debug Accelerator|x64.ActiveCfg = Debug Accelerator|x64
		{0EE12F36-5D32-4D3B-93BE-6E8F551BFEA8}.Debug Accelerator|x64.Build.0 = Debug Accelerator|x64
		{0EE12F36-5D32-4D3B-93BE-6E8F551BFEA8}.Debug|Win32.ActiveCfg = Debug|Win32
		{0EE12F36-5D32-4D3B-93BE-6E8F551BFEA8}.Debug|Win32.Build.0 = Debug|Win32
		{0EE12F36-5D32-4D3B-93BE-6E8F551BFEA8}.Debug|x64.ActiveCfg = Debug|x64
		{0EE12F36-5D32-4D3B-93BE-6E8F551BFEA8}.Debug|x64.Build.0 = Debug|x64
		{0EE12F36-5D32-4D3B-93BE-6E8F551BFEA8}.Release Accelerator|Win32.ActiveCfg = Release Accelerator|Win32
		{0EE12F36-5D32-4D3B-93BE-6E8F551BFEA8}.Release Accelerator|Win32.Build.0 = Release Accelerator|Win32
		{0EE12F36-5D32-4D3B-93BE-6E8F551BFEA8}.Release Accelerator|x64.ActiveCfg = Release Accelerator|x64
		{0EE12F36-5D32-4D3B-93BE-6E8F551BFEA8}.Release Accelerator|x64.Build.0 = Release Accelerator|x64
		{0EE12F36-5D32-4D3B-93BE-6E8F551BFEA8}.Release|Win32.ActiveCfg = Release|Win32
		{0EE12F36-5D32-4D3B-93BE-6E8F551BFEA8}.Release|Win32.Build.0 = Release|Win32
		{0EE12F36-5D32-4D3B-93BE-6E8F551BFEA8}.Release|x64.ActiveCfg = Release|x64
		{0EE12F36-5D32-4D3B-93BE-6E8F551BFEA8}.Release|x64.Build.0 = Release|x64
		{0EE12F36-5D32-4D3B-93BE-6E8F551BFEA8}.ReleaseSolidODBC|Win32.ActiveCfg = ReleaseSolidODBC|Win32
		{0EE12F36-5D32-4D3B-93BE-6E8F551BFEA8}.ReleaseSolidODBC|Win32.Build.0 = ReleaseSolidODBC|Win32
		{0EE12F36-5D32-4D3B-93BE-6E8F551BFEA8}.ReleaseSolidODBC|x64.ActiveCfg = ReleaseSolidODBC|x64
		{0EE12F36-5D32-4D3B-93BE-6E8F551BFEA8}.ReleaseSolidODBC|x64.Build.0 = ReleaseSolidODBC|x64
		{0EE12F36-5D32-4D3B-93BE-6E8F551BFEA8}.ReleaseSolidSMA|Win32.ActiveCfg = ReleaseSolidSMA|Win32
		{0EE12F36-5D32-4D3B-93BE-6E8F551BFEA8}.ReleaseSolidSMA|Win32.Build.0 = ReleaseSolidSMA|Win32
		{0EE12F36-5D32-4D3B-93BE-6E8F551BFEA8}.ReleaseSolidSMA|x64.ActiveCfg = ReleaseSolidSMA|x64
		{0EE12F36-5D32-4D3B-93BE-6E8F551BFEA8}.ReleaseSolidSMA|x64.Build.0 = ReleaseSolidSMA|x64
		{C8CA7901-A36F-4A61-8DCD-DBEB7AC362DC}.Debug Accelerator|Win32.ActiveCfg = Debug|Win32
		{C8CA7901-A36F-4A61-8DCD-DBEB7AC362DC}.Debug Accelerator|Win32.Build.0 = Debug|Win32
		{C8CA7901-A36F-4A61-8DCD-DBEB7AC362DC}.Debug Accelerator|x64.ActiveCfg = Debug|x64
		{C8CA7901-A36F-4A61-8DCD-DBEB7AC362DC}.Debug Accelerator|x64.Build.0 = Debug|x64
		{C8CA7901-A36F-4A61-8DCD-DBEB7AC362DC}.Debug|Win32.ActiveCfg = Debug|Win32
		{C8CA7901-A36F-4A61-8DCD-DBEB7AC362DC}.Debug|Win32.Build.0 = Debug|Win32
		{C8CA7901-A36F-4A61-8DCD-DBEB7AC362DC}.Debug|x64.ActiveCfg = Debug|x64
		{C8CA7901-A36F-4A61-8DCD-DBEB7AC362DC}.Debug|x64.Build.0 = Debug|x64
		{C8CA7901-A36F-4A61-8DCD-DBEB7AC362DC}.Release Accelerator|Win32.ActiveCfg = Release|Win32
		{C8CA7901-A36F-4A61-8DCD-DBEB7AC362DC}.Release Accelerator|Win32.Build.0 = Release|Win32
		{C8CA7901-A36F-4A61-8DCD-DBEB7AC362DC}.Release Accelerator|x64.ActiveCfg = ReleaseSolidODBC|x64
		{C8CA7901-A36F-4A61-8DCD-DBEB7AC362DC}.Release Accelerator|x64.Build.0 = ReleaseSolidODBC|x64
		{C8CA7901-A36F-4A61-8DCD-DBEB7AC362DC}.Release|Win32.ActiveCfg = Release|Win32
		{C8CA7901-A36F-4A61-8DCD-DBEB7AC362DC}.Release|Win32.Build.0 = Release|Win32
		{C8CA7901-A36F-4A61-8DCD-DBEB7AC362DC}.Release|x64.ActiveCfg = Release|x64
		{C8CA7901-A36F-4A61-8DCD-DBEB7AC362DC}.Release|x64.Build.0 = Release|x64
		{C8CA7901-A36F-4A61-8DCD-DBEB7AC362DC}.ReleaseSolidODBC|Win32.ActiveCfg = ReleaseSolidODBC|Win32
		{C8CA7901-A36F-4A61-8DCD-DBEB7AC362DC}.ReleaseSolidODBC|Win32.Build.0 = ReleaseSolidODBC|Win32
		{C8CA7901-A36F-4A61-8DCD-DBEB7AC362DC}.ReleaseSolidODBC|x64.ActiveCfg = ReleaseSolidODBC|x64
		{C8CA7901-A36F-4A61-8DCD-DBEB7AC362DC}.ReleaseSolidODBC|x64.Build.0 = ReleaseSolidODBC|x64
		{C8CA7901-A36F-4A61-8DCD-DBEB7AC362DC}.ReleaseSolidSMA|Win32.ActiveCfg = ReleaseSolidSMA|Win32
		{C8CA7901-A36F-4A61-8DCD-DBEB7AC362DC}.ReleaseSolidSMA|Win32.Build.0 = ReleaseSolidSMA|Win32
		{C8CA7901-A36F-4A61-8DCD-DBEB7AC362DC}.ReleaseSolidSMA|x64.ActiveCfg = ReleaseSolidSMA|x64
		{C8CA7901-A36F-4A61-8DCD-DBEB7AC362DC}.ReleaseSolidSMA|x64.Build.0 = ReleaseSolidSMA|x64
	EndGlobalSection
	GlobalSection(SolutionProperties) = preSolution
		HideSolutionNode = FALSE
	EndGlobalSection
EndGlobal
